{
  "requires": true,
  "lockfileVersion": 1,
  "dependencies": {
    "kalman_2d": {
      "version": "1.0.1",
      "resolved": "https://registry.npmjs.org/kalman_2d/-/kalman_2d-1.0.1.tgz",
      "integrity": "sha1-N4N0gwC0to5oV8RshuTRJjcYKP4="
    },
    "trilateration": {
      "version": "0.0.1",
      "resolved": "https://registry.npmjs.org/trilateration/-/trilateration-0.0.1.tgz",
      "integrity": "sha1-YTiOyZtMsSdHvIvMzkOIfoAAlHI="
    }
  }
}
